
Microsoft Visual Studio Solution File, Format Version 12.00
# Visual Studio Version 16
VisualStudioVersion = 16.0.28701.123
MinimumVisualStudioVersion = 10.0.40219.1
Project("{8BC9CEB8-8B4A-11D0-8D11-00A0C91BC942}") = "BaseLibs", "BaseLibs\BaseLibs.vcxproj", "{8884FA34-37A9-410C-BCDE-D3381654B5BC}"
EndProject
Project("{8BC9CEB8-8B4A-11D0-8D11-00A0C91BC942}") = "benliud", "benliud\benliud.vcxproj", "{74F4244E-64F7-469F-96C2-5160C791BC69}"
	ProjectSection(ProjectDependencies) = postProject
		{8884FA34-37A9-410C-BCDE-D3381654B5BC} = {8884FA34-37A9-410C-BCDE-D3381654B5BC}
	EndProjectSection
EndProject
Project("{8BC9CEB8-8B4A-11D0-8D11-00A0C91BC942}") = "benliud_bt", "benliud_bt\benliud_bt.vcxproj", "{726A77D1-BBB5-4277-AA54-501F4001665A}"
	ProjectSection(ProjectDependencies) = postProject
		{8884FA34-37A9-410C-BCDE-D3381654B5BC} = {8884FA34-37A9-410C-BCDE-D3381654B5BC}
	EndProjectSection
EndProject
Project("{8BC9CEB8-8B4A-11D0-8D11-00A0C91BC942}") = "benliud_btkad", "benliud_btkad\benliud_btkad.vcxproj", "{C6DA9C73-7300-4028-BD1C-31E7C86A7230}"
	ProjectSection(ProjectDependencies) = postProject
		{8884FA34-37A9-410C-BCDE-D3381654B5BC} = {8884FA34-37A9-410C-BCDE-D3381654B5BC}
	EndProjectSection
EndProject
Project("{8BC9CEB8-8B4A-11D0-8D11-00A0C91BC942}") = "benliud_upnp", "benliud_upnp\benliud_upnp.vcxproj", "{1655F558-AFE7-41B7-AF07-25A76ADE6329}"
	ProjectSection(ProjectDependencies) = postProject
		{8884FA34-37A9-410C-BCDE-D3381654B5BC} = {8884FA34-37A9-410C-BCDE-D3381654B5BC}
	EndProjectSection
EndProject
Global
	GlobalSection(SolutionConfigurationPlatforms) = preSolution
		Debug|Win32 = Debug|Win32
		Debug|x64 = Debug|x64
		DebugMD|Win32 = DebugMD|Win32
		DebugMD|x64 = DebugMD|x64
		Release|Win32 = Release|Win32
		Release|x64 = Release|x64
		ReleaseMD|Win32 = ReleaseMD|Win32
		ReleaseMD|x64 = ReleaseMD|x64
	EndGlobalSection
	GlobalSection(ProjectConfigurationPlatforms) = postSolution
		{8884FA34-37A9-410C-BCDE-D3381654B5BC}.Debug|Win32.ActiveCfg = Debug|Win32
		{8884FA34-37A9-410C-BCDE-D3381654B5BC}.Debug|Win32.Build.0 = Debug|Win32
		{8884FA34-37A9-410C-BCDE-D3381654B5BC}.Debug|x64.ActiveCfg = Debug|x64
		{8884FA34-37A9-410C-BCDE-D3381654B5BC}.Debug|x64.Build.0 = Debug|x64
		{8884FA34-37A9-410C-BCDE-D3381654B5BC}.DebugMD|Win32.ActiveCfg = DebugMD|Win32
		{8884FA34-37A9-410C-BCDE-D3381654B5BC}.DebugMD|Win32.Build.0 = DebugMD|Win32
		{8884FA34-37A9-410C-BCDE-D3381654B5BC}.DebugMD|x64.ActiveCfg = DebugMD|x64
		{8884FA34-37A9-410C-BCDE-D3381654B5BC}.DebugMD|x64.Build.0 = DebugMD|x64
		{8884FA34-37A9-410C-BCDE-D3381654B5BC}.Release|Win32.ActiveCfg = Release|Win32
		{8884FA34-37A9-410C-BCDE-D3381654B5BC}.Release|Win32.Build.0 = Release|Win32
		{8884FA34-37A9-410C-BCDE-D3381654B5BC}.Release|x64.ActiveCfg = Release|x64
		{8884FA34-37A9-410C-BCDE-D3381654B5BC}.Release|x64.Build.0 = Release|x64
		{8884FA34-37A9-410C-BCDE-D3381654B5BC}.ReleaseMD|Win32.ActiveCfg = ReleaseMD|Win32
		{8884FA34-37A9-410C-BCDE-D3381654B5BC}.ReleaseMD|Win32.Build.0 = ReleaseMD|Win32
		{8884FA34-37A9-410C-BCDE-D3381654B5BC}.ReleaseMD|x64.ActiveCfg = ReleaseMD|x64
		{8884FA34-37A9-410C-BCDE-D3381654B5BC}.ReleaseMD|x64.Build.0 = ReleaseMD|x64
		{74F4244E-64F7-469F-96C2-5160C791BC69}.Debug|Win32.ActiveCfg = Debug|Win32
		{74F4244E-64F7-469F-96C2-5160C791BC69}.Debug|Win32.Build.0 = Debug|Win32
		{74F4244E-64F7-469F-96C2-5160C791BC69}.Debug|x64.ActiveCfg = Debug|x64
		{74F4244E-64F7-469F-96C2-5160C791BC69}.Debug|x64.Build.0 = Debug|x64
		{74F4244E-64F7-469F-96C2-5160C791BC69}.DebugMD|Win32.ActiveCfg = Debug|Win32
		{74F4244E-64F7-469F-96C2-5160C791BC69}.DebugMD|x64.ActiveCfg = Debug|x64
		{74F4244E-64F7-469F-96C2-5160C791BC69}.DebugMD|x64.Build.0 = Debug|x64
		{74F4244E-64F7-469F-96C2-5160C791BC69}.Release|Win32.ActiveCfg = Release|Win32
		{74F4244E-64F7-469F-96C2-5160C791BC69}.Release|Win32.Build.0 = Release|Win32
		{74F4244E-64F7-469F-96C2-5160C791BC69}.Release|x64.ActiveCfg = Release|x64
		{74F4244E-64F7-469F-96C2-5160C791BC69}.Release|x64.Build.0 = Release|x64
		{74F4244E-64F7-469F-96C2-5160C791BC69}.ReleaseMD|Win32.ActiveCfg = Release|Win32
		{74F4244E-64F7-469F-96C2-5160C791BC69}.ReleaseMD|x64.ActiveCfg = Release|x64
		{74F4244E-64F7-469F-96C2-5160C791BC69}.ReleaseMD|x64.Build.0 = Release|x64
		{726A77D1-BBB5-4277-AA54-501F4001665A}.Debug|Win32.ActiveCfg = Debug|Win32
		{726A77D1-BBB5-4277-AA54-501F4001665A}.Debug|Win32.Build.0 = Debug|Win32
		{726A77D1-BBB5-4277-AA54-501F4001665A}.Debug|x64.ActiveCfg = Debug|x64
		{726A77D1-BBB5-4277-AA54-501F4001665A}.Debug|x64.Build.0 = Debug|x64
		{726A77D1-BBB5-4277-AA54-501F4001665A}.DebugMD|Win32.ActiveCfg = DebugMD|Win32
		{726A77D1-BBB5-4277-AA54-501F4001665A}.DebugMD|Win32.Build.0 = DebugMD|Win32
		{726A77D1-BBB5-4277-AA54-501F4001665A}.DebugMD|x64.ActiveCfg = DebugMD|Win32
		{726A77D1-BBB5-4277-AA54-501F4001665A}.Release|Win32.ActiveCfg = Release|Win32
		{726A77D1-BBB5-4277-AA54-501F4001665A}.Release|Win32.Build.0 = Release|Win32
		{726A77D1-BBB5-4277-AA54-501F4001665A}.Release|x64.ActiveCfg = Release|x64
		{726A77D1-BBB5-4277-AA54-501F4001665A}.Release|x64.Build.0 = Release|x64
		{726A77D1-BBB5-4277-AA54-501F4001665A}.ReleaseMD|Win32.ActiveCfg = ReleaseMD|Win32
		{726A77D1-BBB5-4277-AA54-501F4001665A}.ReleaseMD|Win32.Build.0 = ReleaseMD|Win32
		{726A77D1-BBB5-4277-AA54-501F4001665A}.ReleaseMD|x64.ActiveCfg = ReleaseMD|Win32
		{C6DA9C73-7300-4028-BD1C-31E7C86A7230}.Debug|Win32.ActiveCfg = Debug|Win32
		{C6DA9C73-7300-4028-BD1C-31E7C86A7230}.Debug|Win32.Build.0 = Debug|Win32
		{C6DA9C73-7300-4028-BD1C-31E7C86A7230}.Debug|x64.ActiveCfg = Debug|x64
		{C6DA9C73-7300-4028-BD1C-31E7C86A7230}.Debug|x64.Build.0 = Debug|x64
		{C6DA9C73-7300-4028-BD1C-31E7C86A7230}.DebugMD|Win32.ActiveCfg = DebugMD|Win32
		{C6DA9C73-7300-4028-BD1C-31E7C86A7230}.DebugMD|Win32.Build.0 = DebugMD|Win32
		{C6DA9C73-7300-4028-BD1C-31E7C86A7230}.DebugMD|x64.ActiveCfg = DebugMD|Win32
		{C6DA9C73-7300-4028-BD1C-31E7C86A7230}.Release|Win32.ActiveCfg = Release|Win32
		{C6DA9C73-7300-4028-BD1C-31E7C86A7230}.Release|Win32.Build.0 = Release|Win32
		{C6DA9C73-7300-4028-BD1C-31E7C86A7230}.Release|x64.ActiveCfg = Release|x64
		{C6DA9C73-7300-4028-BD1C-31E7C86A7230}.Release|x64.Build.0 = Release|x64
		{C6DA9C73-7300-4028-BD1C-31E7C86A7230}.ReleaseMD|Win32.ActiveCfg = ReleaseMD|Win32
		{C6DA9C73-7300-4028-BD1C-31E7C86A7230}.ReleaseMD|Win32.Build.0 = ReleaseMD|Win32
		{C6DA9C73-7300-4028-BD1C-31E7C86A7230}.ReleaseMD|x64.ActiveCfg = ReleaseMD|Win32
		{1655F558-AFE7-41B7-AF07-25A76ADE6329}.Debug|Win32.ActiveCfg = Debug|Win32
		{1655F558-AFE7-41B7-AF07-25A76ADE6329}.Debug|Win32.Build.0 = Debug|Win32
		{1655F558-AFE7-41B7-AF07-25A76ADE6329}.Debug|x64.ActiveCfg = Debug|x64
		{1655F558-AFE7-41B7-AF07-25A76ADE6329}.Debug|x64.Build.0 = Debug|x64
		{1655F558-AFE7-41B7-AF07-25A76ADE6329}.DebugMD|Win32.ActiveCfg = DebugMD|Win32
		{1655F558-AFE7-41B7-AF07-25A76ADE6329}.DebugMD|Win32.Build.0 = DebugMD|Win32
		{1655F558-AFE7-41B7-AF07-25A76ADE6329}.DebugMD|x64.ActiveCfg = DebugMD|Win32
		{1655F558-AFE7-41B7-AF07-25A76ADE6329}.Release|Win32.ActiveCfg = Release|Win32
		{1655F558-AFE7-41B7-AF07-25A76ADE6329}.Release|Win32.Build.0 = Release|Win32
		{1655F558-AFE7-41B7-AF07-25A76ADE6329}.Release|x64.ActiveCfg = Release|x64
		{1655F558-AFE7-41B7-AF07-25A76ADE6329}.Release|x64.Build.0 = Release|x64
		{1655F558-AFE7-41B7-AF07-25A76ADE6329}.ReleaseMD|Win32.ActiveCfg = ReleaseMD|Win32
		{1655F558-AFE7-41B7-AF07-25A76ADE6329}.ReleaseMD|Win32.Build.0 = ReleaseMD|Win32
		{1655F558-AFE7-41B7-AF07-25A76ADE6329}.ReleaseMD|x64.ActiveCfg = ReleaseMD|Win32
	EndGlobalSection
	GlobalSection(SolutionProperties) = preSolution
		HideSolutionNode = FALSE
	EndGlobalSection
	GlobalSection(ExtensibilityGlobals) = postSolution
		SolutionGuid = {B168DD17-75C7-4CED-802A-E1EBE0332A35}
	EndGlobalSection
EndGlobal
